
Microsoft Visual Studio Solution File, Format Version 12.00
# Visual Studio 15
Project("{FAE04EC0-301F-11D3-BF4B-00C04F79EFBC}") = "Assembly-CSharp", "Assembly-CSharp.csproj", "{C6FF597D-B33F-AEB1-55E3-EF944E9FF526}"
EndProject
Global
	GlobalSection(SolutionConfigurationPlatforms) = preSolution
		Debug|Any CPU = Debug|Any CPU
		Release|Any CPU = Release|Any CPU
	EndGlobalSection
	GlobalSection(ProjectConfigurationPlatforms) = postSolution
		{C6FF597D-B33F-AEB1-55E3-EF944E9FF526}.Debug|Any CPU.ActiveCfg = Debug|Any CPU
		{C6FF597D-B33F-AEB1-55E3-EF944E9FF526}.Debug|Any CPU.Build.0 = Debug|Any CPU
		{C6FF597D-B33F-AEB1-55E3-EF944E9FF526}.Release|Any CPU.ActiveCfg = Release|Any CPU
		{C6FF597D-B33F-AEB1-55E3-EF944E9FF526}.Release|Any CPU.Build.0 = Release|Any CPU
	EndGlobalSection
	GlobalSection(SolutionProperties) = preSolution
		HideSolutionNode = FALSE
	EndGlobalSection
EndGlobal
